// !$*UTF8*$!
{
	archiveVersion = 1;
	classes = {
	};
	objectVersion = 60;
	objects = {

/* Begin PBXBuildFile section */
		1AFA7E362C4B6FA1006D20B0 /* RealityKitContent in Frameworks */ = {isa = PBXBuildFile; productRef = 1AFA7E352C4B6FA1006D20B0 /* RealityKitContent */; };
/* End PBXBuildFile section */

/* Begin PBXContainerItemProxy section */
		1AFA7E462C4B6FA2006D20B0 /* PBXContainerItemProxy */ = {
			isa = PBXContainerItemProxy;
			containerPortal = 1AFA7E282C4B6FA1006D20B0 /* Project object */;
			proxyType = 1;
			remoteGlobalIDString = 1AFA7E2F2C4B6FA1006D20B0;
			remoteInfo = "VisionOS2LowLevelMeshHelloWorldT riangle";
		};
/* End PBXContainerItemProxy section */

/* Begin PBXFileReference section */
		1AFA7E302C4B6FA1006D20B0 /* VisionOS2LowLevelMeshHelloWorldT riangle.app */ = {isa = PBXFileReference; explicitFileType = wrapper.application; includeInIndex = 0; path = "VisionOS2LowLevelMeshHelloWorldT riangle.app"; sourceTree = BUILT_PRODUCTS_DIR; };
		1AFA7E342C4B6FA1006D20B0 /* RealityKitContent */ = {isa = PBXFileReference; lastKnownFileType = wrapper; path = RealityKitContent; sourceTree = "<group>"; };
		1AFA7E452C4B6FA2006D20B0 /* VisionOS2LowLevelMeshHelloWorldT riangleTests.xctest */ = {isa = PBXFileReference; explicitFileType = wrapper.cfbundle; includeInIndex = 0; path = "VisionOS2LowLevelMeshHelloWorldT riangleTests.xctest"; sourceTree = BUILT_PRODUCTS_DIR; };
/* End PBXFileReference section */

/* Begin PBXFileSystemSynchronizedBuildFileExceptionSet section */
		1AFA7E4B2C4B6FA2006D20B0 /* PBXFileSystemSynchronizedBuildFileExceptionSet */ = {
			isa = PBXFileSystemSynchronizedBuildFileExceptionSet;
			membershipExceptions = (
				Info.plist,
			);
			target = 1AFA7E2F2C4B6FA1006D20B0 /* VisionOS2LowLevelMeshHelloWorldT riangle */;
		};
/* End PBXFileSystemSynchronizedBuildFileExceptionSet section */

/* Begin PBXFileSystemSynchronizedRootGroup section */
		1AFA7E322C4B6FA1006D20B0 /* VisionOS2LowLevelMeshHelloWorldT riangle */ = {isa = PBXFileSystemSynchronizedRootGroup; exceptions = (1AFA7E4B2C4B6FA2006D20B0 /* PBXFileSystemSynchronizedBuildFileExceptionSet */, ); explicitFileTypes = {}; explicitFolders = (); path = "VisionOS2LowLevelMeshHelloWorldT riangle"; sourceTree = "<group>"; };
		1AFA7E482C4B6FA2006D20B0 /* VisionOS2LowLevelMeshHelloWorldT riangleTests */ = {isa = PBXFileSystemSynchronizedRootGroup; explicitFileTypes = {}; explicitFolders = (); path = "VisionOS2LowLevelMeshHelloWorldT riangleTests"; sourceTree = "<group>"; };
/* End PBXFileSystemSynchronizedRootGroup section */

/* Begin PBXFrameworksBuildPhase section */
		1AFA7E2D2C4B6FA1006D20B0 /* Frameworks */ = {
			isa = PBXFrameworksBuildPhase;
			buildActionMask = 2147483647;
			files = (
				1AFA7E362C4B6FA1006D20B0 /* RealityKitContent in Frameworks */,
			);
			runOnlyForDeploymentPostprocessing = 0;
		};
		1AFA7E422C4B6FA2006D20B0 /* Frameworks */ = {
			isa = PBXFrameworksBuildPhase;
			buildActionMask = 2147483647;
			files = (
			);
			runOnlyForDeploymentPostprocessing = 0;
		};
/* End PBXFrameworksBuildPhase section */

/* Begin PBXGroup section */
		1AFA7E272C4B6FA1006D20B0 = {
			isa = PBXGroup;
			children = (
				1AFA7E322C4B6FA1006D20B0 /* VisionOS2LowLevelMeshHelloWorldT riangle */,
				1AFA7E332C4B6FA1006D20B0 /* Packages */,
				1AFA7E482C4B6FA2006D20B0 /* VisionOS2LowLevelMeshHelloWorldT riangleTests */,
				1AFA7E312C4B6FA1006D20B0 /* Products */,
			);
			sourceTree = "<group>";
		};
		1AFA7E312C4B6FA1006D20B0 /* Products */ = {
			isa = PBXGroup;
			children = (
				1AFA7E302C4B6FA1006D20B0 /* VisionOS2LowLevelMeshHelloWorldT riangle.app */,
				1AFA7E452C4B6FA2006D20B0 /* VisionOS2LowLevelMeshHelloWorldT riangleTests.xctest */,
			);
			name = Products;
			sourceTree = "<group>";
		};
		1AFA7E332C4B6FA1006D20B0 /* Packages */ = {
			isa = PBXGroup;
			children = (
				1AFA7E342C4B6FA1006D20B0 /* RealityKitContent */,
			);
			path = Packages;
			sourceTree = "<group>";
		};
/* End PBXGroup section */

/* Begin PBXNativeTarget section */
		1AFA7E2F2C4B6FA1006D20B0 /* VisionOS2LowLevelMeshHelloWorldT riangle */ = {
			isa = PBXNativeTarget;
			buildConfigurationList = 1AFA7E4C2C4B6FA2006D20B0 /* Build configuration list for PBXNativeTarget "VisionOS2LowLevelMeshHelloWorldT riangle" */;
			buildPhases = (
				1AFA7E2C2C4B6FA1006D20B0 /* Sources */,
				1AFA7E2D2C4B6FA1006D20B0 /* Frameworks */,
				1AFA7E2E2C4B6FA1006D20B0 /* Resources */,
			);
			buildRules = (
			);
			dependencies = (
			);
			fileSystemSynchronizedGroups = (
				1AFA7E322C4B6FA1006D20B0 /* VisionOS2LowLevelMeshHelloWorldT riangle */,
			);
			name = "VisionOS2LowLevelMeshHelloWorldT riangle";
			packageProductDependencies = (
				1AFA7E352C4B6FA1006D20B0 /* RealityKitContent */,
			);
			productName = "VisionOS2LowLevelMeshHelloWorldT riangle";
			productReference = 1AFA7E302C4B6FA1006D20B0 /* VisionOS2LowLevelMeshHelloWorldT riangle.app */;
			productType = "com.apple.product-type.application";
		};
		1AFA7E442C4B6FA2006D20B0 /* VisionOS2LowLevelMeshHelloWorldT riangleTests */ = {
			isa = PBXNativeTarget;
			buildConfigurationList = 1AFA7E512C4B6FA2006D20B0 /* Build configuration list for PBXNativeTarget "VisionOS2LowLevelMeshHelloWorldT riangleTests" */;
			buildPhases = (
				1AFA7E412C4B6FA2006D20B0 /* Sources */,
				1AFA7E422C4B6FA2006D20B0 /* Frameworks */,
				1AFA7E432C4B6FA2006D20B0 /* Resources */,
			);
			buildRules = (
			);
			dependencies = (
				1AFA7E472C4B6FA2006D20B0 /* PBXTargetDependency */,
			);
			fileSystemSynchronizedGroups = (
				1AFA7E482C4B6FA2006D20B0 /* VisionOS2LowLevelMeshHelloWorldT riangleTests */,
			);
			name = "VisionOS2LowLevelMeshHelloWorldT riangleTests";
			packageProductDependencies = (
			);
			productName = "VisionOS2LowLevelMeshHelloWorldT riangleTests";
			productReference = 1AFA7E452C4B6FA2006D20B0 /* VisionOS2LowLevelMeshHelloWorldT riangleTests.xctest */;
			productType = "com.apple.product-type.bundle.unit-test";
		};
/* End PBXNativeTarget section */

/* Begin PBXProject section */
		1AFA7E282C4B6FA1006D20B0 /* Project object */ = {
			isa = PBXProject;
			attributes = {
				BuildIndependentTargetsInParallel = 1;
				LastSwiftUpdateCheck = 1600;
				LastUpgradeCheck = 1600;
				TargetAttributes = {
					1AFA7E2F2C4B6FA1006D20B0 = {
						CreatedOnToolsVersion = 16.0;
					};
					1AFA7E442C4B6FA2006D20B0 = {
						CreatedOnToolsVersion = 16.0;
						TestTargetID = 1AFA7E2F2C4B6FA1006D20B0;
					};
				};
			};
			buildConfigurationList = 1AFA7E2B2C4B6FA1006D20B0 /* Build configuration list for PBXProject "VisionOS2LowLevelMeshHelloWorldT riangle" */;
			compatibilityVersion = "Xcode 15.0";
			developmentRegion = en;
			hasScannedForEncodings = 0;
			knownRegions = (
				en,
				Base,
			);
			mainGroup = 1AFA7E272C4B6FA1006D20B0;
			productRefGroup = 1AFA7E312C4B6FA1006D20B0 /* Products */;
			projectDirPath = "";
			projectRoot = "";
			targets = (
				1AFA7E2F2C4B6FA1006D20B0 /* VisionOS2LowLevelMeshHelloWorldT riangle */,
				1AFA7E442C4B6FA2006D20B0 /* VisionOS2LowLevelMeshHelloWorldT riangleTests */,
			);
		};
/* End PBXProject section */

/* Begin PBXResourcesBuildPhase section */
		1AFA7E2E2C4B6FA1006D20B0 /* Resources */ = {
			isa = PBXResourcesBuildPhase;
			buildActionMask = 2147483647;
			files = (
			);
			runOnlyForDeploymentPostprocessing = 0;
		};
		1AFA7E432C4B6FA2006D20B0 /* Resources */ = {
			isa = PBXResourcesBuildPhase;
			buildActionMask = 2147483647;
			files = (
			);
			runOnlyForDeploymentPostprocessing = 0;
		};
/* End PBXResourcesBuildPhase section */

/* Begin PBXSourcesBuildPhase section */
		1AFA7E2C2C4B6FA1006D20B0 /* Sources */ = {
			isa = PBXSourcesBuildPhase;
			buildActionMask = 2147483647;
			files = (
			);
			runOnlyForDeploymentPostprocessing = 0;
		};
		1AFA7E412C4B6FA2006D20B0 /* Sources */ = {
			isa = PBXSourcesBuildPhase;
			buildActionMask = 2147483647;
			files = (
			);
			runOnlyForDeploymentPostprocessing = 0;
		};
/* End PBXSourcesBuildPhase section */

/* Begin PBXTargetDependency section */
		1AFA7E472C4B6FA2006D20B0 /* PBXTargetDependency */ = {
			isa = PBXTargetDependency;
			target = 1AFA7E2F2C4B6FA1006D20B0 /* VisionOS2LowLevelMeshHelloWorldT riangle */;
			targetProxy = 1AFA7E462C4B6FA2006D20B0 /* PBXContainerItemProxy */;
		};
/* End PBXTargetDependency section */

/* Begin XCBuildConfiguration section */
		1AFA7E4D2C4B6FA2006D20B0 /* Debug */ = {
			isa = XCBuildConfiguration;
			buildSettings = {
				ASSETCATALOG_COMPILER_APPICON_NAME = AppIcon;
				ASSETCATALOG_COMPILER_GLOBAL_ACCENT_COLOR_NAME = AccentColor;
				CODE_SIGN_STYLE = Automatic;
				CURRENT_PROJECT_VERSION = 1;
				DEVELOPMENT_ASSET_PATHS = "\"VisionOS2LowLevelMeshHelloWorldT riangle/Preview Content\"";
				DEVELOPMENT_TEAM = ED5R9E794B;
				ENABLE_PREVIEWS = YES;
				GENERATE_INFOPLIST_FILE = YES;
				INFOPLIST_FILE = "$(TARGET_NAME)/Info.plist";
				LD_RUNPATH_SEARCH_PATHS = (
					"$(inherited)",
					"@executable_path/Frameworks",
				);
				MARKETING_VERSION = 1.0;
				PRODUCT_BUNDLE_IDENTIFIER = "jp.co.1planet.visionos.sample.lowlevelmesh.helloworld.triangle.VisionOS2LowLevelMeshHelloWorldT-riangle";
				PRODUCT_NAME = "$(TARGET_NAME)";
				SUPPORTED_PLATFORMS = "xros xrsimulator";
				SWIFT_EMIT_LOC_STRINGS = YES;
				SWIFT_VERSION = 5.0;
				TARGETED_DEVICE_FAMILY = 7;
			};
			name = Debug;
		};
		1AFA7E4E2C4B6FA2006D20B0 /* Release */ = {
			isa = XCBuildConfiguration;
			buildSettings = {
				ASSETCATALOG_COMPILER_APPICON_NAME = AppIcon;
				ASSETCATALOG_COMPILER_GLOBAL_ACCENT_COLOR_NAME = AccentColor;
				CODE_SIGN_STYLE = Automatic;
				CURRENT_PROJECT_VERSION = 1;
				DEVELOPMENT_ASSET_PATHS = "\"VisionOS2LowLevelMeshHelloWorldT riangle/Preview Content\"";
				DEVELOPMENT_TEAM = ED5R9E794B;
				ENABLE_PREVIEWS = YES;
				GENERATE_INFOPLIST_FILE = YES;
				INFOPLIST_FILE = "$(TARGET_NAME)/Info.plist";
				LD_RUNPATH_SEARCH_PATHS = (
					"$(inherited)",
					"@executable_path/Frameworks",
				);
				MARKETING_VERSION = 1.0;
				PRODUCT_BUNDLE_IDENTIFIER = "jp.co.1planet.visionos.sample.lowlevelmesh.helloworld.triangle.VisionOS2LowLevelMeshHelloWorldT-riangle";
				PRODUCT_NAME = "$(TARGET_NAME)";
				SUPPORTED_PLATFORMS = "xros xrsimulator";
				SWIFT_EMIT_LOC_STRINGS = YES;
				SWIFT_VERSION = 5.0;
				TARGETED_DEVICE_FAMILY = 7;
			};
			name = Release;
		};
		1AFA7E4F2C4B6FA2006D20B0 /* Debug */ = {
			isa = XCBuildConfiguration;
			buildSettings = {
				ALWAYS_SEARCH_USER_PATHS = NO;
				ASSETCATALOG_COMPILER_GENERATE_SWIFT_ASSET_SYMBOL_EXTENSIONS = YES;
				CLANG_ANALYZER_NONNULL = YES;
				CLANG_ANALYZER_NUMBER_OBJECT_CONVERSION = YES_AGGRESSIVE;
				CLANG_CXX_LANGUAGE_STANDARD = "gnu++20";
				CLANG_ENABLE_MODULES = YES;
				CLANG_ENABLE_OBJC_ARC = YES;
				CLANG_ENABLE_OBJC_WEAK = YES;
				CLANG_WARN_BLOCK_CAPTURE_AUTORELEASING = YES;
				CLANG_WARN_BOOL_CONVERSION = YES;
				CLANG_WARN_COMMA = YES;
				CLANG_WARN_CONSTANT_CONVERSION = YES;
				CLANG_WARN_DEPRECATED_OBJC_IMPLEMENTATIONS = YES;
				CLANG_WARN_DIRECT_OBJC_ISA_USAGE = YES_ERROR;
				CLANG_WARN_DOCUMENTATION_COMMENTS = YES;
				CLANG_WARN_EMPTY_BODY = YES;
				CLANG_WARN_ENUM_CONVERSION = YES;
				CLANG_WARN_INFINITE_RECURSION = YES;
				CLANG_WARN_INT_CONVERSION = YES;
				CLANG_WARN_NON_LITERAL_NULL_CONVERSION = YES;
				CLANG_WARN_OBJC_IMPLICIT_RETAIN_SELF = YES;
				CLANG_WARN_OBJC_LITERAL_CONVERSION = YES;
				CLANG_WARN_OBJC_ROOT_CLASS = YES_ERROR;
				CLANG_WARN_QUOTED_INCLUDE_IN_FRAMEWORK_HEADER = YES;
				CLANG_WARN_RANGE_LOOP_ANALYSIS = YES;
				CLANG_WARN_STRICT_PROTOTYPES = YES;
				CLANG_WARN_SUSPICIOUS_MOVE = YES;
				CLANG_WARN_UNGUARDED_AVAILABILITY = YES_AGGRESSIVE;
				CLANG_WARN_UNREACHABLE_CODE = YES;
				CLANG_WARN__DUPLICATE_METHOD_MATCH = YES;
				COPY_PHASE_STRIP = NO;
				DEBUG_INFORMATION_FORMAT = dwarf;
				ENABLE_STRICT_OBJC_MSGSEND = YES;
				ENABLE_TESTABILITY = YES;
				ENABLE_USER_SCRIPT_SANDBOXING = YES;
				GCC_C_LANGUAGE_STANDARD = gnu17;
				GCC_DYNAMIC_NO_PIC = NO;
				GCC_NO_COMMON_BLOCKS = YES;
				GCC_OPTIMIZATION_LEVEL = 0;
				GCC_PREPROCESSOR_DEFINITIONS = (
					"DEBUG=1",
					"$(inherited)",
				);
				GCC_WARN_64_TO_32_BIT_CONVERSION = YES;
				GCC_WARN_ABOUT_RETURN_TYPE = YES_ERROR;
				GCC_WARN_UNDECLARED_SELECTOR = YES;
				GCC_WARN_UNINITIALIZED_AUTOS = YES_AGGRESSIVE;
				GCC_WARN_UNUSED_FUNCTION = YES;
				GCC_WARN_UNUSED_VARIABLE = YES;
				LOCALIZATION_PREFERS_STRING_CATALOGS = YES;
				MTL_ENABLE_DEBUG_INFO = INCLUDE_SOURCE;
				MTL_FAST_MATH = YES;
				ONLY_ACTIVE_ARCH = YES;
				SDKROOT = xros;
				SWIFT_ACTIVE_COMPILATION_CONDITIONS = "DEBUG $(inherited)";
				SWIFT_OPTIMIZATION_LEVEL = "-Onone";
				XROS_DEPLOYMENT_TARGET = 2.0;
			};
			name = Debug;
		};
		1AFA7E502C4B6FA2006D20B0 /* Release */ = {
			isa = XCBuildConfiguration;
			buildSettings = {
				ALWAYS_SEARCH_USER_PATHS = NO;
				ASSETCATALOG_COMPILER_GENERATE_SWIFT_ASSET_SYMBOL_EXTENSIONS = YES;
				CLANG_ANALYZER_NONNULL = YES;
				CLANG_ANALYZER_NUMBER_OBJECT_CONVERSION = YES_AGGRESSIVE;
				CLANG_CXX_LANGUAGE_STANDARD = "gnu++20";
				CLANG_ENABLE_MODULES = YES;
				CLANG_ENABLE_OBJC_ARC = YES;
				CLANG_ENABLE_OBJC_WEAK = YES;
				CLANG_WARN_BLOCK_CAPTURE_AUTORELEASING = YES;
				CLANG_WARN_BOOL_CONVERSION = YES;
				CLANG_WARN_COMMA = YES;
				CLANG_WARN_CONSTANT_CONVERSION = YES;
				CLANG_WARN_DEPRECATED_OBJC_IMPLEMENTATIONS = YES;
				CLANG_WARN_DIRECT_OBJC_ISA_USAGE = YES_ERROR;
				CLANG_WARN_DOCUMENTATION_COMMENTS = YES;
				CLANG_WARN_EMPTY_BODY = YES;
				CLANG_WARN_ENUM_CONVERSION = YES;
				CLANG_WARN_INFINITE_RECURSION = YES;
				CLANG_WARN_INT_CONVERSION = YES;
				CLANG_WARN_NON_LITERAL_NULL_CONVERSION = YES;
				CLANG_WARN_OBJC_IMPLICIT_RETAIN_SELF = YES;
				CLANG_WARN_OBJC_LITERAL_CONVERSION = YES;
				CLANG_WARN_OBJC_ROOT_CLASS = YES_ERROR;
				CLANG_WARN_QUOTED_INCLUDE_IN_FRAMEWORK_HEADER = YES;
				CLANG_WARN_RANGE_LOOP_ANALYSIS = YES;
				CLANG_WARN_STRICT_PROTOTYPES = YES;
				CLANG_WARN_SUSPICIOUS_MOVE = YES;
				CLANG_WARN_UNGUARDED_AVAILABILITY = YES_AGGRESSIVE;
				CLANG_WARN_UNREACHABLE_CODE = YES;
				CLANG_WARN__DUPLICATE_METHOD_MATCH = YES;
				COPY_PHASE_STRIP = NO;
				DEBUG_INFORMATION_FORMAT = "dwarf-with-dsym";
				ENABLE_NS_ASSERTIONS = NO;
				ENABLE_STRICT_OBJC_MSGSEND = YES;
				ENABLE_USER_SCRIPT_SANDBOXING = YES;
				GCC_C_LANGUAGE_STANDARD = gnu17;
				GCC_NO_COMMON_BLOCKS = YES;
				GCC_WARN_64_TO_32_BIT_CONVERSION = YES;
				GCC_WARN_ABOUT_RETURN_TYPE = YES_ERROR;
				GCC_WARN_UNDECLARED_SELECTOR = YES;
				GCC_WARN_UNINITIALIZED_AUTOS = YES_AGGRESSIVE;
				GCC_WARN_UNUSED_FUNCTION = YES;
				GCC_WARN_UNUSED_VARIABLE = YES;
				LOCALIZATION_PREFERS_STRING_CATALOGS = YES;
				MTL_ENABLE_DEBUG_INFO = NO;
				MTL_FAST_MATH = YES;
				SDKROOT = xros;
				SWIFT_COMPILATION_MODE = wholemodule;
				VALIDATE_PRODUCT = YES;
				XROS_DEPLOYMENT_TARGET = 2.0;
			};
			name = Release;
		};
		1AFA7E522C4B6FA2006D20B0 /* Debug */ = {
			isa = XCBuildConfiguration;
			buildSettings = {
				BUNDLE_LOADER = "$(TEST_HOST)";
				CODE_SIGN_STYLE = Automatic;
				CURRENT_PROJECT_VERSION = 1;
				DEVELOPMENT_TEAM = ED5R9E794B;
				GENERATE_INFOPLIST_FILE = YES;
				MARKETING_VERSION = 1.0;
				PRODUCT_BUNDLE_IDENTIFIER = "jp.co.1planet.visionos.sample.lowlevelmesh.helloworld.triangle.VisionOS2LowLevelMeshHelloWorldT-riangleTests";
				PRODUCT_NAME = "$(TARGET_NAME)";
				SUPPORTED_PLATFORMS = "xros xrsimulator";
				SWIFT_EMIT_LOC_STRINGS = NO;
				SWIFT_VERSION = 5.0;
				TARGETED_DEVICE_FAMILY = 7;
				TEST_HOST = "$(BUILT_PRODUCTS_DIR)/VisionOS2LowLevelMeshHelloWorldT riangle.app/$(BUNDLE_EXECUTABLE_FOLDER_PATH)/VisionOS2LowLevelMeshHelloWorldT riangle";
				XROS_DEPLOYMENT_TARGET = 2.0;
			};
			name = Debug;
		};
		1AFA7E532C4B6FA2006D20B0 /* Release */ = {
			isa = XCBuildConfiguration;
			buildSettings = {
				BUNDLE_LOADER = "$(TEST_HOST)";
				CODE_SIGN_STYLE = Automatic;
				CURRENT_PROJECT_VERSION = 1;
				DEVELOPMENT_TEAM = ED5R9E794B;
				GENERATE_INFOPLIST_FILE = YES;
				MARKETING_VERSION = 1.0;
				PRODUCT_BUNDLE_IDENTIFIER = "jp.co.1planet.visionos.sample.lowlevelmesh.helloworld.triangle.VisionOS2LowLevelMeshHelloWorldT-riangleTests";
				PRODUCT_NAME = "$(TARGET_NAME)";
				SUPPORTED_PLATFORMS = "xros xrsimulator";
				SWIFT_EMIT_LOC_STRINGS = NO;
				SWIFT_VERSION = 5.0;
				TARGETED_DEVICE_FAMILY = 7;
				TEST_HOST = "$(BUILT_PRODUCTS_DIR)/VisionOS2LowLevelMeshHelloWorldT riangle.app/$(BUNDLE_EXECUTABLE_FOLDER_PATH)/VisionOS2LowLevelMeshHelloWorldT riangle";
				XROS_DEPLOYMENT_TARGET = 2.0;
			};
			name = Release;
		};
/* End XCBuildConfiguration section */

/* Begin XCConfigurationList section */
		1AFA7E2B2C4B6FA1006D20B0 /* Build configuration list for PBXProject "VisionOS2LowLevelMeshHelloWorldT riangle" */ = {
			isa = XCConfigurationList;
			buildConfigurations = (
				1AFA7E4F2C4B6FA2006D20B0 /* Debug */,
				1AFA7E502C4B6FA2006D20B0 /* Release */,
			);
			defaultConfigurationIsVisible = 0;
			defaultConfigurationName = Release;
		};
		1AFA7E4C2C4B6FA2006D20B0 /* Build configuration list for PBXNativeTarget "VisionOS2LowLevelMeshHelloWorldT riangle" */ = {
			isa = XCConfigurationList;
			buildConfigurations = (
				1AFA7E4D2C4B6FA2006D20B0 /* Debug */,
				1AFA7E4E2C4B6FA2006D20B0 /* Release */,
			);
			defaultConfigurationIsVisible = 0;
			defaultConfigurationName = Release;
		};
		1AFA7E512C4B6FA2006D20B0 /* Build configuration list for PBXNativeTarget "VisionOS2LowLevelMeshHelloWorldT riangleTests" */ = {
			isa = XCConfigurationList;
			buildConfigurations = (
				1AFA7E522C4B6FA2006D20B0 /* Debug */,
				1AFA7E532C4B6FA2006D20B0 /* Release */,
			);
			defaultConfigurationIsVisible = 0;
			defaultConfigurationName = Release;
		};
/* End XCConfigurationList section */

/* Begin XCSwiftPackageProductDependency section */
		1AFA7E352C4B6FA1006D20B0 /* RealityKitContent */ = {
			isa = XCSwiftPackageProductDependency;
			productName = RealityKitContent;
		};
/* End XCSwiftPackageProductDependency section */
	};
	rootObject = 1AFA7E282C4B6FA1006D20B0 /* Project object */;
}
